
Microsoft Visual Studio Solution File, Format Version 12.00
# Visual Studio Version 17
VisualStudioVersion = 17.8.34525.116
MinimumVisualStudioVersion = 10.0.40219.1
Project("{FAE04EC0-301F-11D3-BF4B-00C04F79EFBC}") = "calcu ni yaaammmm", "calcu ni yaaammmm\calcu ni yaaammmm.csproj", "{BBB15589-378A-446B-BCAB-239C4F5247CF}"
EndProject
Global
	GlobalSection(SolutionConfigurationPlatforms) = preSolution
		Debug|Any CPU = Debug|Any CPU
		Release|Any CPU = Release|Any CPU
	EndGlobalSection
	GlobalSection(ProjectConfigurationPlatforms) = postSolution
		{BBB15589-378A-446B-BCAB-239C4F5247CF}.Debug|Any CPU.ActiveCfg = Debug|Any CPU
		{BBB15589-378A-446B-BCAB-239C4F5247CF}.Debug|Any CPU.Build.0 = Debug|Any CPU
		{BBB15589-378A-446B-BCAB-239C4F5247CF}.Release|Any CPU.ActiveCfg = Release|Any CPU
		{BBB15589-378A-446B-BCAB-239C4F5247CF}.Release|Any CPU.Build.0 = Release|Any CPU
	EndGlobalSection
	GlobalSection(SolutionProperties) = preSolution
		HideSolutionNode = FALSE
	EndGlobalSection
	GlobalSection(ExtensibilityGlobals) = postSolution
		SolutionGuid = {EF037EA3-F659-4695-86CD-CCCD7D5F1C2E}
	EndGlobalSection
EndGlobal
